
Microsoft Visual Studio Solution File, Format Version 12.00
# Visual Studio 15
VisualStudioVersion = 15.0.28307.572
MinimumVisualStudioVersion = 10.0.40219.1
Project("{FAE04EC0-301F-11D3-BF4B-00C04F79EFBC}") = "NotebookApp", "NotebookApp\NotebookApp.csproj", "{482DF614-9E7F-4EEA-899B-A43925BA627F}"
EndProject
Project("{FAE04EC0-301F-11D3-BF4B-00C04F79EFBC}") = "Parser", "Parser\Parser.csproj", "{DB8B739F-C06C-488B-BCAC-8E7FDF1823EA}"
EndProject
Global
	GlobalSection(SolutionConfigurationPlatforms) = preSolution
		Debug|Any CPU = Debug|Any CPU
		Release|Any CPU = Release|Any CPU
	EndGlobalSection
	GlobalSection(ProjectConfigurationPlatforms) = postSolution
		{482DF614-9E7F-4EEA-899B-A43925BA627F}.Debug|Any CPU.ActiveCfg = Debug|Any CPU
		{482DF614-9E7F-4EEA-899B-A43925BA627F}.Debug|Any CPU.Build.0 = Debug|Any CPU
		{482DF614-9E7F-4EEA-899B-A43925BA627F}.Release|Any CPU.ActiveCfg = Release|Any CPU
		{482DF614-9E7F-4EEA-899B-A43925BA627F}.Release|Any CPU.Build.0 = Release|Any CPU
		{DB8B739F-C06C-488B-BCAC-8E7FDF1823EA}.Debug|Any CPU.ActiveCfg = Debug|Any CPU
		{DB8B739F-C06C-488B-BCAC-8E7FDF1823EA}.Debug|Any CPU.Build.0 = Debug|Any CPU
		{DB8B739F-C06C-488B-BCAC-8E7FDF1823EA}.Release|Any CPU.ActiveCfg = Release|Any CPU
		{DB8B739F-C06C-488B-BCAC-8E7FDF1823EA}.Release|Any CPU.Build.0 = Release|Any CPU
	EndGlobalSection
	GlobalSection(SolutionProperties) = preSolution
		HideSolutionNode = FALSE
	EndGlobalSection
	GlobalSection(ExtensibilityGlobals) = postSolution
		SolutionGuid = {588E6DF4-520B-4588-8BEA-F9E24EF10144}
	EndGlobalSection
EndGlobal
